
Microsoft Visual Studio Solution File, Format Version 12.00
# Visual Studio Version 16
VisualStudioVersion = 16.0.29403.142
MinimumVisualStudioVersion = 10.0.40219.1
Project("{FAE04EC0-301F-11D3-BF4B-00C04F79EFBC}") = "PeasyMotion", "PeasyMotion\PeasyMotion.csproj", "{E14D8C11-BCE9-4928-8DF9-5EDAF485F2E5}"
EndProject
Project("{2150E333-8FDC-42A3-9474-1A3956D46DE8}") = "Solution Items", "Solution Items", "{BA5C4E4D-73D0-47EA-AF35-42B392562302}"
	ProjectSection(SolutionItems) = preProject
		.gitattributes = .gitattributes
		.gitignore = .gitignore
		appveyor.yml = appveyor.yml
		CHANGELOG.md = CHANGELOG.md
		CONTRIBUTING.md = CONTRIBUTING.md
		LICENCE.txt = LICENCE.txt
		README.md = README.md
	EndProjectSection
EndProject
Global
	GlobalSection(SolutionConfigurationPlatforms) = preSolution
		Debug|Any CPU = Debug|Any CPU
		Release|Any CPU = Release|Any CPU
	EndGlobalSection
	GlobalSection(ProjectConfigurationPlatforms) = postSolution
		{E14D8C11-BCE9-4928-8DF9-5EDAF485F2E5}.Debug|Any CPU.ActiveCfg = Debug|Any CPU
		{E14D8C11-BCE9-4928-8DF9-5EDAF485F2E5}.Debug|Any CPU.Build.0 = Debug|Any CPU
		{E14D8C11-BCE9-4928-8DF9-5EDAF485F2E5}.Release|Any CPU.ActiveCfg = Release|Any CPU
		{E14D8C11-BCE9-4928-8DF9-5EDAF485F2E5}.Release|Any CPU.Build.0 = Release|Any CPU
	EndGlobalSection
	GlobalSection(SolutionProperties) = preSolution
		HideSolutionNode = FALSE
	EndGlobalSection
	GlobalSection(ExtensibilityGlobals) = postSolution
		SolutionGuid = {32B4A596-794B-4EC7-A1E6-C1BBFD667128}
	EndGlobalSection
EndGlobal
